
Microsoft Visual Studio Solution File, Format Version 12.00
# Visual Studio Version 17
VisualStudioVersion = 17.3.32804.467
MinimumVisualStudioVersion = 10.0.40219.1
Project("{FAE04EC0-301F-11D3-BF4B-00C04F79EFBC}") = "WebApp", "WebApp\WebApp.csproj", "{FCEB1FE8-BEE2-465A-B29A-30B5D09D933E}"
EndProject
Global
	GlobalSection(SolutionConfigurationPlatforms) = preSolution
		Debug|Any CPU = Debug|Any CPU
		Release|Any CPU = Release|Any CPU
	EndGlobalSection
	GlobalSection(ProjectConfigurationPlatforms) = postSolution
		{FCEB1FE8-BEE2-465A-B29A-30B5D09D933E}.Debug|Any CPU.ActiveCfg = Debug|Any CPU
		{FCEB1FE8-BEE2-465A-B29A-30B5D09D933E}.Debug|Any CPU.Build.0 = Debug|Any CPU
		{FCEB1FE8-BEE2-465A-B29A-30B5D09D933E}.Release|Any CPU.ActiveCfg = Release|Any CPU
		{FCEB1FE8-BEE2-465A-B29A-30B5D09D933E}.Release|Any CPU.Build.0 = Release|Any CPU
	EndGlobalSection
	GlobalSection(SolutionProperties) = preSolution
		HideSolutionNode = FALSE
	EndGlobalSection
	GlobalSection(ExtensibilityGlobals) = postSolution
		SolutionGuid = {BF928F1E-CF60-4CB8-963B-DAB71254253C}
	EndGlobalSection
EndGlobal
